
Microsoft Visual Studio Solution File, Format Version 12.00
# Visual Studio Version 17
VisualStudioVersion = 17.7.34003.232
MinimumVisualStudioVersion = 10.0.40219.1
Project("{FAE04EC0-301F-11D3-BF4B-00C04F79EFBC}") = "school manegment system", "school manegment system\school manegment system.csproj", "{27971011-509C-440D-9E77-0DFD6A159F67}"
EndProject
Global
	GlobalSection(SolutionConfigurationPlatforms) = preSolution
		Debug|Any CPU = Debug|Any CPU
		Release|Any CPU = Release|Any CPU
	EndGlobalSection
	GlobalSection(ProjectConfigurationPlatforms) = postSolution
		{27971011-509C-440D-9E77-0DFD6A159F67}.Debug|Any CPU.ActiveCfg = Debug|Any CPU
		{27971011-509C-440D-9E77-0DFD6A159F67}.Debug|Any CPU.Build.0 = Debug|Any CPU
		{27971011-509C-440D-9E77-0DFD6A159F67}.Release|Any CPU.ActiveCfg = Release|Any CPU
		{27971011-509C-440D-9E77-0DFD6A159F67}.Release|Any CPU.Build.0 = Release|Any CPU
	EndGlobalSection
	GlobalSection(SolutionProperties) = preSolution
		HideSolutionNode = FALSE
	EndGlobalSection
	GlobalSection(ExtensibilityGlobals) = postSolution
		SolutionGuid = {95312219-8B56-41C9-B73E-C322DE94CC83}
	EndGlobalSection
EndGlobal
